
Microsoft Visual Studio Solution File, Format Version 12.00
# Visual Studio 14
VisualStudioVersion = 14.0.25420.1
MinimumVisualStudioVersion = 10.0.40219.1
Project("{2150E333-8FDC-42A3-9474-1A3956D46DE8}") = "src", "src", "{B71F49E7-3CF2-4FFE-B475-9F3891A4A6F7}"
EndProject
Project("{2150E333-8FDC-42A3-9474-1A3956D46DE8}") = "test", "test", "{770407FF-A073-4673-A4D4-599BA15435DA}"
EndProject
Project("{2150E333-8FDC-42A3-9474-1A3956D46DE8}") = "0. Solution Items", "0. Solution Items", "{6CEF54B4-AD02-4505-91A4-9DF48BAFE136}"
	ProjectSection(SolutionItems) = preProject
		global.json = global.json
		README.md = README.md
	EndProjectSection
EndProject
Project("{8BB2217D-0F2D-49D1-97BC-3654ED321F3B}") = "DDDLite", "src\DDDLite\DDDLite.xproj", "{C25950A0-1CBE-4509-B191-5E73E1047ED3}"
EndProject
Project("{8BB2217D-0F2D-49D1-97BC-3654ED321F3B}") = "TestAsyncActor", "test\TestAsyncActor\TestAsyncActor.xproj", "{7DE97ECE-DEED-4D45-963F-3B4BBD0072B3}"
EndProject
Project("{8BB2217D-0F2D-49D1-97BC-3654ED321F3B}") = "TestCommand", "test\TestCommand\TestCommand.xproj", "{B3F36953-7200-4B4B-9C10-8813180BC072}"
EndProject
Project("{8BB2217D-0F2D-49D1-97BC-3654ED321F3B}") = "DDDLite.Repositories.EF", "src\DDDLite.Repositories.EF\DDDLite.Repositories.EF.xproj", "{9F69AC83-C9E0-4918-8F86-6FE3F157CAEA}"
EndProject
Project("{8BB2217D-0F2D-49D1-97BC-3654ED321F3B}") = "DDDLite.Querying.EF", "src\DDDLite.Querying.EF\DDDLite.Querying.EF.xproj", "{13A0B4EE-6A0A-4966-B146-43763CD0B5BD}"
EndProject
Project("{8BB2217D-0F2D-49D1-97BC-3654ED321F3B}") = "Filter2Exp.Tests", "test\Filter2Exp.Tests\Filter2Exp.Tests.xproj", "{7CF9A7D5-E6AB-4C9E-88BF-5ACFF5BF93AD}"
EndProject
Project("{8BB2217D-0F2D-49D1-97BC-3654ED321F3B}") = "DDDLite.WebApi.Mvc", "src\DDDLite.WebApi.Mvc\DDDLite.WebApi.Mvc.xproj", "{5A49E9BA-4065-4082-A524-E97ABA734FF6}"
EndProject
Project("{8BB2217D-0F2D-49D1-97BC-3654ED321F3B}") = "TestWebApi.Nancy", "test\TestWebApi.Nancy\TestWebApi.Nancy.xproj", "{8B7E3FAA-E31B-433D-9C41-C40E323F11A1}"
EndProject
Project("{8BB2217D-0F2D-49D1-97BC-3654ED321F3B}") = "DDDLite.WebApi.Nancy", "src\DDDLite.WebApi.Nancy\DDDLite.WebApi.Nancy.xproj", "{E0393AF5-FBCB-4BAA-8CAE-D4700545D4D1}"
EndProject
Project("{8BB2217D-0F2D-49D1-97BC-3654ED321F3B}") = "TestWebApi.Mvc", "test\TestWebApi.Mvc\TestWebApi.Mvc.xproj", "{C11AAC8E-14DD-4434-9ED1-02475E4E8E2D}"
EndProject
Project("{8BB2217D-0F2D-49D1-97BC-3654ED321F3B}") = "TestWebApi", "test\TestWebApi\TestWebApi.xproj", "{14B352C1-46B2-4999-B441-327BB6C3E792}"
EndProject
Project("{2150E333-8FDC-42A3-9474-1A3956D46DE8}") = "examples", "examples", "{8A878236-7E05-4C8A-845D-ABDC93A2830F}"
EndProject
Project("{8BB2217D-0F2D-49D1-97BC-3654ED321F3B}") = "TestActorClient", "test\TestActorClient\TestActorClient.xproj", "{6BDE2621-57E2-43CD-A2D9-38A74B2ECFE4}"
EndProject
Project("{8BB2217D-0F2D-49D1-97BC-3654ED321F3B}") = "Example.Core", "examples\Example.Core\Example.Core.xproj", "{762EBCEF-7D10-4B8D-A0CE-71C0CC245A69}"
EndProject
Project("{8BB2217D-0F2D-49D1-97BC-3654ED321F3B}") = "Example.Actors", "examples\Example.Actors\Example.Actors.xproj", "{765F6A61-B2F8-4358-9C5E-DE5543F49BC8}"
EndProject
Project("{8BB2217D-0F2D-49D1-97BC-3654ED321F3B}") = "Example.WebApi", "examples\Example.WebApi\Example.WebApi.xproj", "{59799EC4-602E-4B08-BB7D-C33D79BB6152}"
EndProject
Project("{8BB2217D-0F2D-49D1-97BC-3654ED321F3B}") = "Example.EF", "examples\Example.EF\Example.EF.xproj", "{E7474E7F-41FB-42FC-A5CA-A1F2F9F14863}"
EndProject
Global
	GlobalSection(SolutionConfigurationPlatforms) = preSolution
		Debug|Any CPU = Debug|Any CPU
		Release|Any CPU = Release|Any CPU
	EndGlobalSection
	GlobalSection(ProjectConfigurationPlatforms) = postSolution
		{C25950A0-1CBE-4509-B191-5E73E1047ED3}.Debug|Any CPU.ActiveCfg = Debug|Any CPU
		{C25950A0-1CBE-4509-B191-5E73E1047ED3}.Debug|Any CPU.Build.0 = Debug|Any CPU
		{C25950A0-1CBE-4509-B191-5E73E1047ED3}.Release|Any CPU.ActiveCfg = Release|Any CPU
		{C25950A0-1CBE-4509-B191-5E73E1047ED3}.Release|Any CPU.Build.0 = Release|Any CPU
		{7DE97ECE-DEED-4D45-963F-3B4BBD0072B3}.Debug|Any CPU.ActiveCfg = Debug|Any CPU
		{7DE97ECE-DEED-4D45-963F-3B4BBD0072B3}.Debug|Any CPU.Build.0 = Debug|Any CPU
		{7DE97ECE-DEED-4D45-963F-3B4BBD0072B3}.Release|Any CPU.ActiveCfg = Release|Any CPU
		{7DE97ECE-DEED-4D45-963F-3B4BBD0072B3}.Release|Any CPU.Build.0 = Release|Any CPU
		{B3F36953-7200-4B4B-9C10-8813180BC072}.Debug|Any CPU.ActiveCfg = Debug|Any CPU
		{B3F36953-7200-4B4B-9C10-8813180BC072}.Debug|Any CPU.Build.0 = Debug|Any CPU
		{B3F36953-7200-4B4B-9C10-8813180BC072}.Release|Any CPU.ActiveCfg = Release|Any CPU
		{B3F36953-7200-4B4B-9C10-8813180BC072}.Release|Any CPU.Build.0 = Release|Any CPU
		{9F69AC83-C9E0-4918-8F86-6FE3F157CAEA}.Debug|Any CPU.ActiveCfg = Debug|Any CPU
		{9F69AC83-C9E0-4918-8F86-6FE3F157CAEA}.Debug|Any CPU.Build.0 = Debug|Any CPU
		{9F69AC83-C9E0-4918-8F86-6FE3F157CAEA}.Release|Any CPU.ActiveCfg = Release|Any CPU
		{9F69AC83-C9E0-4918-8F86-6FE3F157CAEA}.Release|Any CPU.Build.0 = Release|Any CPU
		{13A0B4EE-6A0A-4966-B146-43763CD0B5BD}.Debug|Any CPU.ActiveCfg = Debug|Any CPU
		{13A0B4EE-6A0A-4966-B146-43763CD0B5BD}.Debug|Any CPU.Build.0 = Debug|Any CPU
		{13A0B4EE-6A0A-4966-B146-43763CD0B5BD}.Release|Any CPU.ActiveCfg = Release|Any CPU
		{13A0B4EE-6A0A-4966-B146-43763CD0B5BD}.Release|Any CPU.Build.0 = Release|Any CPU
		{7CF9A7D5-E6AB-4C9E-88BF-5ACFF5BF93AD}.Debug|Any CPU.ActiveCfg = Debug|Any CPU
		{7CF9A7D5-E6AB-4C9E-88BF-5ACFF5BF93AD}.Debug|Any CPU.Build.0 = Debug|Any CPU
		{7CF9A7D5-E6AB-4C9E-88BF-5ACFF5BF93AD}.Release|Any CPU.ActiveCfg = Release|Any CPU
		{7CF9A7D5-E6AB-4C9E-88BF-5ACFF5BF93AD}.Release|Any CPU.Build.0 = Release|Any CPU
		{5A49E9BA-4065-4082-A524-E97ABA734FF6}.Debug|Any CPU.ActiveCfg = Debug|Any CPU
		{5A49E9BA-4065-4082-A524-E97ABA734FF6}.Debug|Any CPU.Build.0 = Debug|Any CPU
		{5A49E9BA-4065-4082-A524-E97ABA734FF6}.Release|Any CPU.ActiveCfg = Release|Any CPU
		{5A49E9BA-4065-4082-A524-E97ABA734FF6}.Release|Any CPU.Build.0 = Release|Any CPU
		{8B7E3FAA-E31B-433D-9C41-C40E323F11A1}.Debug|Any CPU.ActiveCfg = Debug|Any CPU
		{8B7E3FAA-E31B-433D-9C41-C40E323F11A1}.Debug|Any CPU.Build.0 = Debug|Any CPU
		{8B7E3FAA-E31B-433D-9C41-C40E323F11A1}.Release|Any CPU.ActiveCfg = Release|Any CPU
		{8B7E3FAA-E31B-433D-9C41-C40E323F11A1}.Release|Any CPU.Build.0 = Release|Any CPU
		{E0393AF5-FBCB-4BAA-8CAE-D4700545D4D1}.Debug|Any CPU.ActiveCfg = Debug|Any CPU
		{E0393AF5-FBCB-4BAA-8CAE-D4700545D4D1}.Debug|Any CPU.Build.0 = Debug|Any CPU
		{E0393AF5-FBCB-4BAA-8CAE-D4700545D4D1}.Release|Any CPU.ActiveCfg = Release|Any CPU
		{E0393AF5-FBCB-4BAA-8CAE-D4700545D4D1}.Release|Any CPU.Build.0 = Release|Any CPU
		{C11AAC8E-14DD-4434-9ED1-02475E4E8E2D}.Debug|Any CPU.ActiveCfg = Debug|Any CPU
		{C11AAC8E-14DD-4434-9ED1-02475E4E8E2D}.Debug|Any CPU.Build.0 = Debug|Any CPU
		{C11AAC8E-14DD-4434-9ED1-02475E4E8E2D}.Release|Any CPU.ActiveCfg = Release|Any CPU
		{C11AAC8E-14DD-4434-9ED1-02475E4E8E2D}.Release|Any CPU.Build.0 = Release|Any CPU
		{14B352C1-46B2-4999-B441-327BB6C3E792}.Debug|Any CPU.ActiveCfg = Debug|Any CPU
		{14B352C1-46B2-4999-B441-327BB6C3E792}.Debug|Any CPU.Build.0 = Debug|Any CPU
		{14B352C1-46B2-4999-B441-327BB6C3E792}.Release|Any CPU.ActiveCfg = Release|Any CPU
		{14B352C1-46B2-4999-B441-327BB6C3E792}.Release|Any CPU.Build.0 = Release|Any CPU
		{6BDE2621-57E2-43CD-A2D9-38A74B2ECFE4}.Debug|Any CPU.ActiveCfg = Debug|Any CPU
		{6BDE2621-57E2-43CD-A2D9-38A74B2ECFE4}.Debug|Any CPU.Build.0 = Debug|Any CPU
		{6BDE2621-57E2-43CD-A2D9-38A74B2ECFE4}.Release|Any CPU.ActiveCfg = Release|Any CPU
		{6BDE2621-57E2-43CD-A2D9-38A74B2ECFE4}.Release|Any CPU.Build.0 = Release|Any CPU
		{762EBCEF-7D10-4B8D-A0CE-71C0CC245A69}.Debug|Any CPU.ActiveCfg = Debug|Any CPU
		{762EBCEF-7D10-4B8D-A0CE-71C0CC245A69}.Debug|Any CPU.Build.0 = Debug|Any CPU
		{762EBCEF-7D10-4B8D-A0CE-71C0CC245A69}.Release|Any CPU.ActiveCfg = Release|Any CPU
		{762EBCEF-7D10-4B8D-A0CE-71C0CC245A69}.Release|Any CPU.Build.0 = Release|Any CPU
		{765F6A61-B2F8-4358-9C5E-DE5543F49BC8}.Debug|Any CPU.ActiveCfg = Debug|Any CPU
		{765F6A61-B2F8-4358-9C5E-DE5543F49BC8}.Debug|Any CPU.Build.0 = Debug|Any CPU
		{765F6A61-B2F8-4358-9C5E-DE5543F49BC8}.Release|Any CPU.ActiveCfg = Release|Any CPU
		{765F6A61-B2F8-4358-9C5E-DE5543F49BC8}.Release|Any CPU.Build.0 = Release|Any CPU
		{59799EC4-602E-4B08-BB7D-C33D79BB6152}.Debug|Any CPU.ActiveCfg = Debug|Any CPU
		{59799EC4-602E-4B08-BB7D-C33D79BB6152}.Debug|Any CPU.Build.0 = Debug|Any CPU
		{59799EC4-602E-4B08-BB7D-C33D79BB6152}.Release|Any CPU.ActiveCfg = Release|Any CPU
		{59799EC4-602E-4B08-BB7D-C33D79BB6152}.Release|Any CPU.Build.0 = Release|Any CPU
		{E7474E7F-41FB-42FC-A5CA-A1F2F9F14863}.Debug|Any CPU.ActiveCfg = Debug|Any CPU
		{E7474E7F-41FB-42FC-A5CA-A1F2F9F14863}.Debug|Any CPU.Build.0 = Debug|Any CPU
		{E7474E7F-41FB-42FC-A5CA-A1F2F9F14863}.Release|Any CPU.ActiveCfg = Release|Any CPU
		{E7474E7F-41FB-42FC-A5CA-A1F2F9F14863}.Release|Any CPU.Build.0 = Release|Any CPU
	EndGlobalSection
	GlobalSection(SolutionProperties) = preSolution
		HideSolutionNode = FALSE
	EndGlobalSection
	GlobalSection(NestedProjects) = preSolution
		{C25950A0-1CBE-4509-B191-5E73E1047ED3} = {B71F49E7-3CF2-4FFE-B475-9F3891A4A6F7}
		{7DE97ECE-DEED-4D45-963F-3B4BBD0072B3} = {770407FF-A073-4673-A4D4-599BA15435DA}
		{B3F36953-7200-4B4B-9C10-8813180BC072} = {770407FF-A073-4673-A4D4-599BA15435DA}
		{9F69AC83-C9E0-4918-8F86-6FE3F157CAEA} = {B71F49E7-3CF2-4FFE-B475-9F3891A4A6F7}
		{13A0B4EE-6A0A-4966-B146-43763CD0B5BD} = {B71F49E7-3CF2-4FFE-B475-9F3891A4A6F7}
		{7CF9A7D5-E6AB-4C9E-88BF-5ACFF5BF93AD} = {770407FF-A073-4673-A4D4-599BA15435DA}
		{5A49E9BA-4065-4082-A524-E97ABA734FF6} = {B71F49E7-3CF2-4FFE-B475-9F3891A4A6F7}
		{8B7E3FAA-E31B-433D-9C41-C40E323F11A1} = {770407FF-A073-4673-A4D4-599BA15435DA}
		{E0393AF5-FBCB-4BAA-8CAE-D4700545D4D1} = {B71F49E7-3CF2-4FFE-B475-9F3891A4A6F7}
		{C11AAC8E-14DD-4434-9ED1-02475E4E8E2D} = {770407FF-A073-4673-A4D4-599BA15435DA}
		{14B352C1-46B2-4999-B441-327BB6C3E792} = {770407FF-A073-4673-A4D4-599BA15435DA}
		{6BDE2621-57E2-43CD-A2D9-38A74B2ECFE4} = {770407FF-A073-4673-A4D4-599BA15435DA}
		{762EBCEF-7D10-4B8D-A0CE-71C0CC245A69} = {8A878236-7E05-4C8A-845D-ABDC93A2830F}
		{765F6A61-B2F8-4358-9C5E-DE5543F49BC8} = {8A878236-7E05-4C8A-845D-ABDC93A2830F}
		{59799EC4-602E-4B08-BB7D-C33D79BB6152} = {8A878236-7E05-4C8A-845D-ABDC93A2830F}
		{E7474E7F-41FB-42FC-A5CA-A1F2F9F14863} = {8A878236-7E05-4C8A-845D-ABDC93A2830F}
	EndGlobalSection
EndGlobal
